// !$*UTF8*$!
{
	archiveVersion = 1;
	classes = {
	};
	objectVersion = 55;
	objects = {

/* Begin PBXBuildFile section */
		2D4CA7BC282D6A8D0047B959 /* KeyboardNotificationsObserver.swift in Sources */ = {isa = PBXBuildFile; fileRef = 2D4CA7BB282D6A8D0047B959 /* KeyboardNotificationsObserver.swift */; };
		2D5B294E282E3105000E37FC /* LobbieInfoCell.swift in Sources */ = {isa = PBXBuildFile; fileRef = 2D5B294D282E3105000E37FC /* LobbieInfoCell.swift */; };
		2D800E64282D4D4800D6FA37 /* MemesTextfield.swift in Sources */ = {isa = PBXBuildFile; fileRef = 2D800E63282D4D4800D6FA37 /* MemesTextfield.swift */; };
		2D9E3789282BBF6300CC54C5 /* AppDelegate.swift in Sources */ = {isa = PBXBuildFile; fileRef = 2D9E3788282BBF6300CC54C5 /* AppDelegate.swift */; };
		2D9E378B282BBF6300CC54C5 /* SceneDelegate.swift in Sources */ = {isa = PBXBuildFile; fileRef = 2D9E378A282BBF6300CC54C5 /* SceneDelegate.swift */; };
		2D9E3792282BBF6400CC54C5 /* Assets.xcassets in Resources */ = {isa = PBXBuildFile; fileRef = 2D9E3791282BBF6400CC54C5 /* Assets.xcassets */; };
		2D9E3795282BBF6400CC54C5 /* LaunchScreen.storyboard in Resources */ = {isa = PBXBuildFile; fileRef = 2D9E3793282BBF6400CC54C5 /* LaunchScreen.storyboard */; };
		2D9E379F282BC02000CC54C5 /* MainMenuController.swift in Sources */ = {isa = PBXBuildFile; fileRef = 2D9E379E282BC02000CC54C5 /* MainMenuController.swift */; };
		2D9E37A1282BC02700CC54C5 /* MainMenuView.swift in Sources */ = {isa = PBXBuildFile; fileRef = 2D9E37A0282BC02700CC54C5 /* MainMenuView.swift */; };
		2D9E37A4282BC13A00CC54C5 /* UIColor+Extension.swift in Sources */ = {isa = PBXBuildFile; fileRef = 2D9E37A3282BC13A00CC54C5 /* UIColor+Extension.swift */; };
		2D9E37A6282BC19A00CC54C5 /* BigFactory.swift in Sources */ = {isa = PBXBuildFile; fileRef = 2D9E37A5282BC19A00CC54C5 /* BigFactory.swift */; };
		2D9E37AC282BC52C00CC54C5 /* Localizable.strings in Resources */ = {isa = PBXBuildFile; fileRef = 2D9E37AE282BC52C00CC54C5 /* Localizable.strings */; };
		2D9E37B1282BC59E00CC54C5 /* LocalizedString.swift in Sources */ = {isa = PBXBuildFile; fileRef = 2D9E37B0282BC59E00CC54C5 /* LocalizedString.swift */; };
		2D9E37B4282BC69700CC54C5 /* String+Extension.swift in Sources */ = {isa = PBXBuildFile; fileRef = 2D9E37B3282BC69700CC54C5 /* String+Extension.swift */; };
		2D9E37B6282BC9C700CC54C5 /* UIBarButton+Extension.swift in Sources */ = {isa = PBXBuildFile; fileRef = 2D9E37B5282BC9C700CC54C5 /* UIBarButton+Extension.swift */; };
		2D9E37B9282BCC5000CC54C5 /* MemesButton.swift in Sources */ = {isa = PBXBuildFile; fileRef = 2D9E37B8282BCC5000CC54C5 /* MemesButton.swift */; };
		2D9E37BC282BCF5200CC54C5 /* GlobalConstants.swift in Sources */ = {isa = PBXBuildFile; fileRef = 2D9E37BB282BCF5200CC54C5 /* GlobalConstants.swift */; };
		2D9E37BF282BD00100CC54C5 /* UIStackView+Extension.swift in Sources */ = {isa = PBXBuildFile; fileRef = 2D9E37BE282BD00100CC54C5 /* UIStackView+Extension.swift */; };
		2D9E37C3282C029A00CC54C5 /* SettingsController.swift in Sources */ = {isa = PBXBuildFile; fileRef = 2D9E37C2282C029A00CC54C5 /* SettingsController.swift */; };
		2D9E37C5282C031800CC54C5 /* SettingsView.swift in Sources */ = {isa = PBXBuildFile; fileRef = 2D9E37C4282C031800CC54C5 /* SettingsView.swift */; };
		2D9E37C7282C03D300CC54C5 /* MainMenuCoordinator.swift in Sources */ = {isa = PBXBuildFile; fileRef = 2D9E37C6282C03D300CC54C5 /* MainMenuCoordinator.swift */; };
		2D9E37CC282C050E00CC54C5 /* UIViewController+Extension.swift in Sources */ = {isa = PBXBuildFile; fileRef = 2D9E37CB282C050E00CC54C5 /* UIViewController+Extension.swift */; };
		2D9E37CF282C099C00CC54C5 /* LobbiesListController.swift in Sources */ = {isa = PBXBuildFile; fileRef = 2D9E37CE282C099C00CC54C5 /* LobbiesListController.swift */; };
		2D9E37D1282C0A3000CC54C5 /* LobbiesListView.swift in Sources */ = {isa = PBXBuildFile; fileRef = 2D9E37D0282C0A3000CC54C5 /* LobbiesListView.swift */; };
		2D9E37D4282C0E2300CC54C5 /* CreateGameController.swift in Sources */ = {isa = PBXBuildFile; fileRef = 2D9E37D3282C0E2300CC54C5 /* CreateGameController.swift */; };
		2D9E37D6282C0EA700CC54C5 /* CreateGameView.swift in Sources */ = {isa = PBXBuildFile; fileRef = 2D9E37D5282C0EA700CC54C5 /* CreateGameView.swift */; };
		2D9E37DB282C195800CC54C5 /* GoogleService-Info.plist in Resources */ = {isa = PBXBuildFile; fileRef = 2D9E37DA282C195800CC54C5 /* GoogleService-Info.plist */; };
		2DA91A12282C30C80081686A /* FirebaseAnalytics in Frameworks */ = {isa = PBXBuildFile; productRef = 2DA91A11282C30C80081686A /* FirebaseAnalytics */; };
		2DA91A14282C30C80081686A /* FirebaseAuth in Frameworks */ = {isa = PBXBuildFile; productRef = 2DA91A13282C30C80081686A /* FirebaseAuth */; };
		2DA91A16282C30C80081686A /* FirebaseFirestore in Frameworks */ = {isa = PBXBuildFile; productRef = 2DA91A15282C30C80081686A /* FirebaseFirestore */; };
		2DA91A18282C30C80081686A /* FirebaseFunctions in Frameworks */ = {isa = PBXBuildFile; productRef = 2DA91A17282C30C80081686A /* FirebaseFunctions */; };
		2DA91A1A282C30C80081686A /* FirebaseMessaging in Frameworks */ = {isa = PBXBuildFile; productRef = 2DA91A19282C30C80081686A /* FirebaseMessaging */; };
		2DA91A1D282C36550081686A /* FirestoreService.swift in Sources */ = {isa = PBXBuildFile; fileRef = 2DA91A1C282C36550081686A /* FirestoreService.swift */; };
		2DA91A20282C39210081686A /* Lobbie.swift in Sources */ = {isa = PBXBuildFile; fileRef = 2DA91A1F282C39210081686A /* Lobbie.swift */; };
		2DA91A22282C399B0081686A /* Player.swift in Sources */ = {isa = PBXBuildFile; fileRef = 2DA91A21282C399B0081686A /* Player.swift */; };
		2DA91A24282C48710081686A /* LobbiesListCell.swift in Sources */ = {isa = PBXBuildFile; fileRef = 2DA91A23282C48710081686A /* LobbiesListCell.swift */; };
		2DA91A26282C49D40081686A /* LobbiesListInteractor.swift in Sources */ = {isa = PBXBuildFile; fileRef = 2DA91A25282C49D40081686A /* LobbiesListInteractor.swift */; };
		2DB7ED1E282D849500D015F7 /* UserService.swift in Sources */ = {isa = PBXBuildFile; fileRef = 2DB7ED1D282D849500D015F7 /* UserService.swift */; };
		2DB7ED20282D862D00D015F7 /* CreateGameInteractor.swift in Sources */ = {isa = PBXBuildFile; fileRef = 2DB7ED1F282D862D00D015F7 /* CreateGameInteractor.swift */; };
		2DB7ED22282D8A1900D015F7 /* LobbieInfoController.swift in Sources */ = {isa = PBXBuildFile; fileRef = 2DB7ED21282D8A1900D015F7 /* LobbieInfoController.swift */; };
		2DB7ED25282D8B1C00D015F7 /* LobbieInfoView.swift in Sources */ = {isa = PBXBuildFile; fileRef = 2DB7ED24282D8B1C00D015F7 /* LobbieInfoView.swift */; };
		2DB7ED27282D8BBF00D015F7 /* LobbieInfoInteractor.swift in Sources */ = {isa = PBXBuildFile; fileRef = 2DB7ED26282D8BBF00D015F7 /* LobbieInfoInteractor.swift */; };
		2DB7ED29282D8CB800D015F7 /* CreateGameCoordinator.swift in Sources */ = {isa = PBXBuildFile; fileRef = 2DB7ED28282D8CB800D015F7 /* CreateGameCoordinator.swift */; };
		2DB7ED2B282D984100D015F7 /* LobbiesListCoordinator.swift in Sources */ = {isa = PBXBuildFile; fileRef = 2DB7ED2A282D984100D015F7 /* LobbiesListCoordinator.swift */; };
		2DB7ED2D282D995400D015F7 /* UITableView+Extension.swift in Sources */ = {isa = PBXBuildFile; fileRef = 2DB7ED2C282D995400D015F7 /* UITableView+Extension.swift */; };
/* End PBXBuildFile section */

/* Begin PBXFileReference section */
		2D4CA7BB282D6A8D0047B959 /* KeyboardNotificationsObserver.swift */ = {isa = PBXFileReference; lastKnownFileType = sourcecode.swift; path = KeyboardNotificationsObserver.swift; sourceTree = "<group>"; };
		2D5B294D282E3105000E37FC /* LobbieInfoCell.swift */ = {isa = PBXFileReference; lastKnownFileType = sourcecode.swift; path = LobbieInfoCell.swift; sourceTree = "<group>"; };
		2D800E63282D4D4800D6FA37 /* MemesTextfield.swift */ = {isa = PBXFileReference; lastKnownFileType = sourcecode.swift; path = MemesTextfield.swift; sourceTree = "<group>"; };
		2D9E3785282BBF6300CC54C5 /* WhatDoYouMeme.app */ = {isa = PBXFileReference; explicitFileType = wrapper.application; includeInIndex = 0; path = WhatDoYouMeme.app; sourceTree = BUILT_PRODUCTS_DIR; };
		2D9E3788282BBF6300CC54C5 /* AppDelegate.swift */ = {isa = PBXFileReference; lastKnownFileType = sourcecode.swift; path = AppDelegate.swift; sourceTree = "<group>"; };
		2D9E378A282BBF6300CC54C5 /* SceneDelegate.swift */ = {isa = PBXFileReference; lastKnownFileType = sourcecode.swift; path = SceneDelegate.swift; sourceTree = "<group>"; };
		2D9E3791282BBF6400CC54C5 /* Assets.xcassets */ = {isa = PBXFileReference; lastKnownFileType = folder.assetcatalog; path = Assets.xcassets; sourceTree = "<group>"; };
		2D9E3794282BBF6400CC54C5 /* Base */ = {isa = PBXFileReference; lastKnownFileType = file.storyboard; name = Base; path = Base.lproj/LaunchScreen.storyboard; sourceTree = "<group>"; };
		2D9E3796282BBF6400CC54C5 /* Info.plist */ = {isa = PBXFileReference; lastKnownFileType = text.plist.xml; path = Info.plist; sourceTree = "<group>"; };
		2D9E379E282BC02000CC54C5 /* MainMenuController.swift */ = {isa = PBXFileReference; lastKnownFileType = sourcecode.swift; path = MainMenuController.swift; sourceTree = "<group>"; };
		2D9E37A0282BC02700CC54C5 /* MainMenuView.swift */ = {isa = PBXFileReference; lastKnownFileType = sourcecode.swift; path = MainMenuView.swift; sourceTree = "<group>"; };
		2D9E37A3282BC13A00CC54C5 /* UIColor+Extension.swift */ = {isa = PBXFileReference; lastKnownFileType = sourcecode.swift; path = "UIColor+Extension.swift"; sourceTree = "<group>"; };
		2D9E37A5282BC19A00CC54C5 /* BigFactory.swift */ = {isa = PBXFileReference; lastKnownFileType = sourcecode.swift; path = BigFactory.swift; sourceTree = "<group>"; };
		2D9E37AB282BC52000CC54C5 /* ru */ = {isa = PBXFileReference; lastKnownFileType = text.plist.strings; name = ru; path = ru.lproj/LaunchScreen.strings; sourceTree = "<group>"; };
		2D9E37AD282BC52C00CC54C5 /* ru */ = {isa = PBXFileReference; lastKnownFileType = text.plist.strings; name = ru; path = ru.lproj/Localizable.strings; sourceTree = "<group>"; };
		2D9E37AF282BC53200CC54C5 /* en */ = {isa = PBXFileReference; lastKnownFileType = text.plist.strings; name = en; path = en.lproj/Localizable.strings; sourceTree = "<group>"; };
		2D9E37B0282BC59E00CC54C5 /* LocalizedString.swift */ = {isa = PBXFileReference; lastKnownFileType = sourcecode.swift; path = LocalizedString.swift; sourceTree = "<group>"; };
		2D9E37B3282BC69700CC54C5 /* String+Extension.swift */ = {isa = PBXFileReference; lastKnownFileType = sourcecode.swift; path = "String+Extension.swift"; sourceTree = "<group>"; };
		2D9E37B5282BC9C700CC54C5 /* UIBarButton+Extension.swift */ = {isa = PBXFileReference; lastKnownFileType = sourcecode.swift; path = "UIBarButton+Extension.swift"; sourceTree = "<group>"; };
		2D9E37B8282BCC5000CC54C5 /* MemesButton.swift */ = {isa = PBXFileReference; lastKnownFileType = sourcecode.swift; path = MemesButton.swift; sourceTree = "<group>"; };
		2D9E37BB282BCF5200CC54C5 /* GlobalConstants.swift */ = {isa = PBXFileReference; lastKnownFileType = sourcecode.swift; path = GlobalConstants.swift; sourceTree = "<group>"; };
		2D9E37BE282BD00100CC54C5 /* UIStackView+Extension.swift */ = {isa = PBXFileReference; lastKnownFileType = sourcecode.swift; path = "UIStackView+Extension.swift"; sourceTree = "<group>"; };
		2D9E37C2282C029A00CC54C5 /* SettingsController.swift */ = {isa = PBXFileReference; lastKnownFileType = sourcecode.swift; path = SettingsController.swift; sourceTree = "<group>"; };
		2D9E37C4282C031800CC54C5 /* SettingsView.swift */ = {isa = PBXFileReference; lastKnownFileType = sourcecode.swift; path = SettingsView.swift; sourceTree = "<group>"; };
		2D9E37C6282C03D300CC54C5 /* MainMenuCoordinator.swift */ = {isa = PBXFileReference; lastKnownFileType = sourcecode.swift; path = MainMenuCoordinator.swift; sourceTree = "<group>"; };
		2D9E37CB282C050E00CC54C5 /* UIViewController+Extension.swift */ = {isa = PBXFileReference; lastKnownFileType = sourcecode.swift; path = "UIViewController+Extension.swift"; sourceTree = "<group>"; };
		2D9E37CE282C099C00CC54C5 /* LobbiesListController.swift */ = {isa = PBXFileReference; lastKnownFileType = sourcecode.swift; path = LobbiesListController.swift; sourceTree = "<group>"; };
		2D9E37D0282C0A3000CC54C5 /* LobbiesListView.swift */ = {isa = PBXFileReference; lastKnownFileType = sourcecode.swift; path = LobbiesListView.swift; sourceTree = "<group>"; };
		2D9E37D3282C0E2300CC54C5 /* CreateGameController.swift */ = {isa = PBXFileReference; lastKnownFileType = sourcecode.swift; path = CreateGameController.swift; sourceTree = "<group>"; };
		2D9E37D5282C0EA700CC54C5 /* CreateGameView.swift */ = {isa = PBXFileReference; lastKnownFileType = sourcecode.swift; path = CreateGameView.swift; sourceTree = "<group>"; };
		2D9E37DA282C195800CC54C5 /* GoogleService-Info.plist */ = {isa = PBXFileReference; fileEncoding = 4; lastKnownFileType = text.plist.xml; path = "GoogleService-Info.plist"; sourceTree = "<group>"; };
		2DA91A1C282C36550081686A /* FirestoreService.swift */ = {isa = PBXFileReference; lastKnownFileType = sourcecode.swift; path = FirestoreService.swift; sourceTree = "<group>"; };
		2DA91A1F282C39210081686A /* Lobbie.swift */ = {isa = PBXFileReference; lastKnownFileType = sourcecode.swift; path = Lobbie.swift; sourceTree = "<group>"; };
		2DA91A21282C399B0081686A /* Player.swift */ = {isa = PBXFileReference; lastKnownFileType = sourcecode.swift; path = Player.swift; sourceTree = "<group>"; };
		2DA91A23282C48710081686A /* LobbiesListCell.swift */ = {isa = PBXFileReference; lastKnownFileType = sourcecode.swift; path = LobbiesListCell.swift; sourceTree = "<group>"; };
		2DA91A25282C49D40081686A /* LobbiesListInteractor.swift */ = {isa = PBXFileReference; lastKnownFileType = sourcecode.swift; path = LobbiesListInteractor.swift; sourceTree = "<group>"; };
		2DB7ED1D282D849500D015F7 /* UserService.swift */ = {isa = PBXFileReference; lastKnownFileType = sourcecode.swift; path = UserService.swift; sourceTree = "<group>"; };
		2DB7ED1F282D862D00D015F7 /* CreateGameInteractor.swift */ = {isa = PBXFileReference; lastKnownFileType = sourcecode.swift; path = CreateGameInteractor.swift; sourceTree = "<group>"; };
		2DB7ED21282D8A1900D015F7 /* LobbieInfoController.swift */ = {isa = PBXFileReference; lastKnownFileType = sourcecode.swift; path = LobbieInfoController.swift; sourceTree = "<group>"; };
		2DB7ED24282D8B1C00D015F7 /* LobbieInfoView.swift */ = {isa = PBXFileReference; lastKnownFileType = sourcecode.swift; path = LobbieInfoView.swift; sourceTree = "<group>"; };
		2DB7ED26282D8BBF00D015F7 /* LobbieInfoInteractor.swift */ = {isa = PBXFileReference; lastKnownFileType = sourcecode.swift; path = LobbieInfoInteractor.swift; sourceTree = "<group>"; };
		2DB7ED28282D8CB800D015F7 /* CreateGameCoordinator.swift */ = {isa = PBXFileReference; lastKnownFileType = sourcecode.swift; path = CreateGameCoordinator.swift; sourceTree = "<group>"; };
		2DB7ED2A282D984100D015F7 /* LobbiesListCoordinator.swift */ = {isa = PBXFileReference; lastKnownFileType = sourcecode.swift; path = LobbiesListCoordinator.swift; sourceTree = "<group>"; };
		2DB7ED2C282D995400D015F7 /* UITableView+Extension.swift */ = {isa = PBXFileReference; lastKnownFileType = sourcecode.swift; path = "UITableView+Extension.swift"; sourceTree = "<group>"; };
/* End PBXFileReference section */

/* Begin PBXFrameworksBuildPhase section */
		2D9E3782282BBF6300CC54C5 /* Frameworks */ = {
			isa = PBXFrameworksBuildPhase;
			buildActionMask = 2147483647;
			files = (
				2DA91A12282C30C80081686A /* FirebaseAnalytics in Frameworks */,
				2DA91A14282C30C80081686A /* FirebaseAuth in Frameworks */,
				2DA91A1A282C30C80081686A /* FirebaseMessaging in Frameworks */,
				2DA91A16282C30C80081686A /* FirebaseFirestore in Frameworks */,
				2DA91A18282C30C80081686A /* FirebaseFunctions in Frameworks */,
			);
			runOnlyForDeploymentPostprocessing = 0;
		};
/* End PBXFrameworksBuildPhase section */

/* Begin PBXGroup section */
		2D9E377C282BBF6300CC54C5 = {
			isa = PBXGroup;
			children = (
				2D9E3787282BBF6300CC54C5 /* WhatDoYouMeme */,
				2D9E3786282BBF6300CC54C5 /* Products */,
			);
			sourceTree = "<group>";
		};
		2D9E3786282BBF6300CC54C5 /* Products */ = {
			isa = PBXGroup;
			children = (
				2D9E3785282BBF6300CC54C5 /* WhatDoYouMeme.app */,
			);
			name = Products;
			sourceTree = "<group>";
		};
		2D9E3787282BBF6300CC54C5 /* WhatDoYouMeme */ = {
			isa = PBXGroup;
			children = (
				2D9E37DA282C195800CC54C5 /* GoogleService-Info.plist */,
				2DA91A1E282C39190081686A /* Models */,
				2DA91A1B282C36420081686A /* Services */,
				2D9E37B7282BCC1100CC54C5 /* MemesUIKit */,
				2D9E37A2282BC12A00CC54C5 /* UI+Extension */,
				2D9E37B2282BC68100CC54C5 /* Primitives+Extension */,
				2D9E37BA282BCF4200CC54C5 /* Constants */,
				2D9E37BD282BCF6200CC54C5 /* Factories */,
				2D9E37C0282BD0B500CC54C5 /* Scenes */,
				2D9E379C282BBF9200CC54C5 /* SupportingFiles */,
			);
			path = WhatDoYouMeme;
			sourceTree = "<group>";
		};
		2D9E379C282BBF9200CC54C5 /* SupportingFiles */ = {
			isa = PBXGroup;
			children = (
				2D9E37A8282BC49300CC54C5 /* Localization */,
				2D9E3788282BBF6300CC54C5 /* AppDelegate.swift */,
				2D9E378A282BBF6300CC54C5 /* SceneDelegate.swift */,
				2D9E3796282BBF6400CC54C5 /* Info.plist */,
				2D9E3791282BBF6400CC54C5 /* Assets.xcassets */,
				2D9E3793282BBF6400CC54C5 /* LaunchScreen.storyboard */,
			);
			path = SupportingFiles;
			sourceTree = "<group>";
		};
		2D9E379D282BC00300CC54C5 /* MainMenu */ = {
			isa = PBXGroup;
			children = (
				2D9E379E282BC02000CC54C5 /* MainMenuController.swift */,
				2D9E37A0282BC02700CC54C5 /* MainMenuView.swift */,
				2D9E37C6282C03D300CC54C5 /* MainMenuCoordinator.swift */,
			);
			path = MainMenu;
			sourceTree = "<group>";
		};
		2D9E37A2282BC12A00CC54C5 /* UI+Extension */ = {
			isa = PBXGroup;
			children = (
				2D9E37A3282BC13A00CC54C5 /* UIColor+Extension.swift */,
				2D9E37B5282BC9C700CC54C5 /* UIBarButton+Extension.swift */,
				2D9E37BE282BD00100CC54C5 /* UIStackView+Extension.swift */,
				2D9E37CB282C050E00CC54C5 /* UIViewController+Extension.swift */,
				2D4CA7BB282D6A8D0047B959 /* KeyboardNotificationsObserver.swift */,
				2DB7ED2C282D995400D015F7 /* UITableView+Extension.swift */,
			);
			path = "UI+Extension";
			sourceTree = "<group>";
		};
		2D9E37A8282BC49300CC54C5 /* Localization */ = {
			isa = PBXGroup;
			children = (
				2D9E37AE282BC52C00CC54C5 /* Localizable.strings */,
				2D9E37B0282BC59E00CC54C5 /* LocalizedString.swift */,
			);
			path = Localization;
			sourceTree = "<group>";
		};
		2D9E37B2282BC68100CC54C5 /* Primitives+Extension */ = {
			isa = PBXGroup;
			children = (
				2D9E37B3282BC69700CC54C5 /* String+Extension.swift */,
			);
			path = "Primitives+Extension";
			sourceTree = "<group>";
		};
		2D9E37B7282BCC1100CC54C5 /* MemesUIKit */ = {
			isa = PBXGroup;
			children = (
				2D9E37B8282BCC5000CC54C5 /* MemesButton.swift */,
				2D800E63282D4D4800D6FA37 /* MemesTextfield.swift */,
			);
			path = MemesUIKit;
			sourceTree = "<group>";
		};
		2D9E37BA282BCF4200CC54C5 /* Constants */ = {
			isa = PBXGroup;
			children = (
				2D9E37BB282BCF5200CC54C5 /* GlobalConstants.swift */,
			);
			path = Constants;
			sourceTree = "<group>";
		};
		2D9E37BD282BCF6200CC54C5 /* Factories */ = {
			isa = PBXGroup;
			children = (
				2D9E37A5282BC19A00CC54C5 /* BigFactory.swift */,
			);
			path = Factories;
			sourceTree = "<group>";
		};
		2D9E37C0282BD0B500CC54C5 /* Scenes */ = {
			isa = PBXGroup;
			children = (
				2DB7ED23282D8A2500D015F7 /* LobbieInfo */,
				2D9E37D2282C0E1200CC54C5 /* CreateGame */,
				2D9E37CD282C098A00CC54C5 /* LobbiesList */,
				2D9E37C1282C029100CC54C5 /* Settings */,
				2D9E379D282BC00300CC54C5 /* MainMenu */,
			);
			path = Scenes;
			sourceTree = "<group>";
		};
		2D9E37C1282C029100CC54C5 /* Settings */ = {
			isa = PBXGroup;
			children = (
				2D9E37C2282C029A00CC54C5 /* SettingsController.swift */,
				2D9E37C4282C031800CC54C5 /* SettingsView.swift */,
			);
			path = Settings;
			sourceTree = "<group>";
		};
		2D9E37CD282C098A00CC54C5 /* LobbiesList */ = {
			isa = PBXGroup;
			children = (
				2D9E37CE282C099C00CC54C5 /* LobbiesListController.swift */,
				2DB7ED2A282D984100D015F7 /* LobbiesListCoordinator.swift */,
				2DA91A25282C49D40081686A /* LobbiesListInteractor.swift */,
				2D9E37D0282C0A3000CC54C5 /* LobbiesListView.swift */,
				2DA91A23282C48710081686A /* LobbiesListCell.swift */,
			);
			path = LobbiesList;
			sourceTree = "<group>";
		};
		2D9E37D2282C0E1200CC54C5 /* CreateGame */ = {
			isa = PBXGroup;
			children = (
				2D9E37D3282C0E2300CC54C5 /* CreateGameController.swift */,
				2DB7ED1F282D862D00D015F7 /* CreateGameInteractor.swift */,
				2D9E37D5282C0EA700CC54C5 /* CreateGameView.swift */,
				2DB7ED28282D8CB800D015F7 /* CreateGameCoordinator.swift */,
			);
			path = CreateGame;
			sourceTree = "<group>";
		};
		2DA91A1B282C36420081686A /* Services */ = {
			isa = PBXGroup;
			children = (
				2DB7ED1D282D849500D015F7 /* UserService.swift */,
				2DA91A1C282C36550081686A /* FirestoreService.swift */,
			);
			path = Services;
			sourceTree = "<group>";
		};
		2DA91A1E282C39190081686A /* Models */ = {
			isa = PBXGroup;
			children = (
				2DA91A1F282C39210081686A /* Lobbie.swift */,
				2DA91A21282C399B0081686A /* Player.swift */,
			);
			path = Models;
			sourceTree = "<group>";
		};
		2DB7ED23282D8A2500D015F7 /* LobbieInfo */ = {
			isa = PBXGroup;
			children = (
				2DB7ED21282D8A1900D015F7 /* LobbieInfoController.swift */,
				2DB7ED24282D8B1C00D015F7 /* LobbieInfoView.swift */,
				2DB7ED26282D8BBF00D015F7 /* LobbieInfoInteractor.swift */,
				2D5B294D282E3105000E37FC /* LobbieInfoCell.swift */,
			);
			path = LobbieInfo;
			sourceTree = "<group>";
		};
/* End PBXGroup section */

/* Begin PBXNativeTarget section */
		2D9E3784282BBF6300CC54C5 /* WhatDoYouMeme */ = {
			isa = PBXNativeTarget;
			buildConfigurationList = 2D9E3799282BBF6400CC54C5 /* Build configuration list for PBXNativeTarget "WhatDoYouMeme" */;
			buildPhases = (
				2D9E3781282BBF6300CC54C5 /* Sources */,
				2D9E3782282BBF6300CC54C5 /* Frameworks */,
				2D9E3783282BBF6300CC54C5 /* Resources */,
			);
			buildRules = (
			);
			dependencies = (
			);
			name = WhatDoYouMeme;
			packageProductDependencies = (
				2DA91A11282C30C80081686A /* FirebaseAnalytics */,
				2DA91A13282C30C80081686A /* FirebaseAuth */,
				2DA91A15282C30C80081686A /* FirebaseFirestore */,
				2DA91A17282C30C80081686A /* FirebaseFunctions */,
				2DA91A19282C30C80081686A /* FirebaseMessaging */,
			);
			productName = WhatDoYouMeme;
			productReference = 2D9E3785282BBF6300CC54C5 /* WhatDoYouMeme.app */;
			productType = "com.apple.product-type.application";
		};
/* End PBXNativeTarget section */

/* Begin PBXProject section */
		2D9E377D282BBF6300CC54C5 /* Project object */ = {
			isa = PBXProject;
			attributes = {
				BuildIndependentTargetsInParallel = 1;
				LastSwiftUpdateCheck = 1320;
				LastUpgradeCheck = 1320;
				TargetAttributes = {
					2D9E3784282BBF6300CC54C5 = {
						CreatedOnToolsVersion = 13.2.1;
					};
				};
			};
			buildConfigurationList = 2D9E3780282BBF6300CC54C5 /* Build configuration list for PBXProject "WhatDoYouMeme" */;
			compatibilityVersion = "Xcode 13.0";
			developmentRegion = en;
			hasScannedForEncodings = 0;
			knownRegions = (
				en,
				Base,
				ru,
			);
			mainGroup = 2D9E377C282BBF6300CC54C5;
			packageReferences = (
				2DA91A10282C30C80081686A /* XCRemoteSwiftPackageReference "firebase-ios-sdk" */,
			);
			productRefGroup = 2D9E3786282BBF6300CC54C5 /* Products */;
			projectDirPath = "";
			projectRoot = "";
			targets = (
				2D9E3784282BBF6300CC54C5 /* WhatDoYouMeme */,
			);
		};
/* End PBXProject section */

/* Begin PBXResourcesBuildPhase section */
		2D9E3783282BBF6300CC54C5 /* Resources */ = {
			isa = PBXResourcesBuildPhase;
			buildActionMask = 2147483647;
			files = (
				2D9E3795282BBF6400CC54C5 /* LaunchScreen.storyboard in Resources */,
				2D9E37DB282C195800CC54C5 /* GoogleService-Info.plist in Resources */,
				2D9E3792282BBF6400CC54C5 /* Assets.xcassets in Resources */,
				2D9E37AC282BC52C00CC54C5 /* Localizable.strings in Resources */,
			);
			runOnlyForDeploymentPostprocessing = 0;
		};
/* End PBXResourcesBuildPhase section */

/* Begin PBXSourcesBuildPhase section */
		2D9E3781282BBF6300CC54C5 /* Sources */ = {
			isa = PBXSourcesBuildPhase;
			buildActionMask = 2147483647;
			files = (
				2DA91A26282C49D40081686A /* LobbiesListInteractor.swift in Sources */,
				2DB7ED25282D8B1C00D015F7 /* LobbieInfoView.swift in Sources */,
				2DB7ED2D282D995400D015F7 /* UITableView+Extension.swift in Sources */,
				2D9E37CC282C050E00CC54C5 /* UIViewController+Extension.swift in Sources */,
				2DB7ED22282D8A1900D015F7 /* LobbieInfoController.swift in Sources */,
				2D9E37B4282BC69700CC54C5 /* String+Extension.swift in Sources */,
				2D9E37C3282C029A00CC54C5 /* SettingsController.swift in Sources */,
				2D9E37B6282BC9C700CC54C5 /* UIBarButton+Extension.swift in Sources */,
				2D5B294E282E3105000E37FC /* LobbieInfoCell.swift in Sources */,
				2D800E64282D4D4800D6FA37 /* MemesTextfield.swift in Sources */,
				2DA91A24282C48710081686A /* LobbiesListCell.swift in Sources */,
				2DB7ED27282D8BBF00D015F7 /* LobbieInfoInteractor.swift in Sources */,
				2DB7ED29282D8CB800D015F7 /* CreateGameCoordinator.swift in Sources */,
				2DA91A22282C399B0081686A /* Player.swift in Sources */,
				2DB7ED20282D862D00D015F7 /* CreateGameInteractor.swift in Sources */,
				2D9E3789282BBF6300CC54C5 /* AppDelegate.swift in Sources */,
				2D9E37B9282BCC5000CC54C5 /* MemesButton.swift in Sources */,
				2D4CA7BC282D6A8D0047B959 /* KeyboardNotificationsObserver.swift in Sources */,
				2D9E37B1282BC59E00CC54C5 /* LocalizedString.swift in Sources */,
				2DA91A1D282C36550081686A /* FirestoreService.swift in Sources */,
				2D9E37CF282C099C00CC54C5 /* LobbiesListController.swift in Sources */,
				2D9E37D6282C0EA700CC54C5 /* CreateGameView.swift in Sources */,
				2D9E37C7282C03D300CC54C5 /* MainMenuCoordinator.swift in Sources */,
				2D9E37BF282BD00100CC54C5 /* UIStackView+Extension.swift in Sources */,
				2DA91A20282C39210081686A /* Lobbie.swift in Sources */,
				2D9E37C5282C031800CC54C5 /* SettingsView.swift in Sources */,
				2D9E37D4282C0E2300CC54C5 /* CreateGameController.swift in Sources */,
				2DB7ED1E282D849500D015F7 /* UserService.swift in Sources */,
				2D9E37A6282BC19A00CC54C5 /* BigFactory.swift in Sources */,
				2D9E378B282BBF6300CC54C5 /* SceneDelegate.swift in Sources */,
				2D9E37BC282BCF5200CC54C5 /* GlobalConstants.swift in Sources */,
				2D9E37A1282BC02700CC54C5 /* MainMenuView.swift in Sources */,
				2D9E379F282BC02000CC54C5 /* MainMenuController.swift in Sources */,
				2DB7ED2B282D984100D015F7 /* LobbiesListCoordinator.swift in Sources */,
				2D9E37A4282BC13A00CC54C5 /* UIColor+Extension.swift in Sources */,
				2D9E37D1282C0A3000CC54C5 /* LobbiesListView.swift in Sources */,
			);
			runOnlyForDeploymentPostprocessing = 0;
		};
/* End PBXSourcesBuildPhase section */

/* Begin PBXVariantGroup section */
		2D9E3793282BBF6400CC54C5 /* LaunchScreen.storyboard */ = {
			isa = PBXVariantGroup;
			children = (
				2D9E3794282BBF6400CC54C5 /* Base */,
				2D9E37AB282BC52000CC54C5 /* ru */,
			);
			name = LaunchScreen.storyboard;
			sourceTree = "<group>";
		};
		2D9E37AE282BC52C00CC54C5 /* Localizable.strings */ = {
			isa = PBXVariantGroup;
			children = (
				2D9E37AD282BC52C00CC54C5 /* ru */,
				2D9E37AF282BC53200CC54C5 /* en */,
			);
			name = Localizable.strings;
			sourceTree = "<group>";
		};
/* End PBXVariantGroup section */

/* Begin XCBuildConfiguration section */
		2D9E3797282BBF6400CC54C5 /* Debug */ = {
			isa = XCBuildConfiguration;
			buildSettings = {
				ALWAYS_SEARCH_USER_PATHS = NO;
				CLANG_ANALYZER_LOCALIZABILITY_NONLOCALIZED = YES;
				CLANG_ANALYZER_NONNULL = YES;
				CLANG_ANALYZER_NUMBER_OBJECT_CONVERSION = YES_AGGRESSIVE;
				CLANG_CXX_LANGUAGE_STANDARD = "gnu++17";
				CLANG_CXX_LIBRARY = "libc++";
				CLANG_ENABLE_MODULES = YES;
				CLANG_ENABLE_OBJC_ARC = YES;
				CLANG_ENABLE_OBJC_WEAK = YES;
				CLANG_WARN_BLOCK_CAPTURE_AUTORELEASING = YES;
				CLANG_WARN_BOOL_CONVERSION = YES;
				CLANG_WARN_COMMA = YES;
				CLANG_WARN_CONSTANT_CONVERSION = YES;
				CLANG_WARN_DEPRECATED_OBJC_IMPLEMENTATIONS = YES;
				CLANG_WARN_DIRECT_OBJC_ISA_USAGE = YES_ERROR;
				CLANG_WARN_DOCUMENTATION_COMMENTS = YES;
				CLANG_WARN_EMPTY_BODY = YES;
				CLANG_WARN_ENUM_CONVERSION = YES;
				CLANG_WARN_INFINITE_RECURSION = YES;
				CLANG_WARN_INT_CONVERSION = YES;
				CLANG_WARN_NON_LITERAL_NULL_CONVERSION = YES;
				CLANG_WARN_OBJC_IMPLICIT_RETAIN_SELF = YES;
				CLANG_WARN_OBJC_LITERAL_CONVERSION = YES;
				CLANG_WARN_OBJC_ROOT_CLASS = YES_ERROR;
				CLANG_WARN_QUOTED_INCLUDE_IN_FRAMEWORK_HEADER = YES;
				CLANG_WARN_RANGE_LOOP_ANALYSIS = YES;
				CLANG_WARN_STRICT_PROTOTYPES = YES;
				CLANG_WARN_SUSPICIOUS_MOVE = YES;
				CLANG_WARN_UNGUARDED_AVAILABILITY = YES_AGGRESSIVE;
				CLANG_WARN_UNREACHABLE_CODE = YES;
				CLANG_WARN__DUPLICATE_METHOD_MATCH = YES;
				COPY_PHASE_STRIP = NO;
				DEBUG_INFORMATION_FORMAT = dwarf;
				ENABLE_STRICT_OBJC_MSGSEND = YES;
				ENABLE_TESTABILITY = YES;
				GCC_C_LANGUAGE_STANDARD = gnu11;
				GCC_DYNAMIC_NO_PIC = NO;
				GCC_NO_COMMON_BLOCKS = YES;
				GCC_OPTIMIZATION_LEVEL = 0;
				GCC_PREPROCESSOR_DEFINITIONS = (
					"DEBUG=1",
					"$(inherited)",
				);
				GCC_WARN_64_TO_32_BIT_CONVERSION = YES;
				GCC_WARN_ABOUT_RETURN_TYPE = YES_ERROR;
				GCC_WARN_UNDECLARED_SELECTOR = YES;
				GCC_WARN_UNINITIALIZED_AUTOS = YES_AGGRESSIVE;
				GCC_WARN_UNUSED_FUNCTION = YES;
				GCC_WARN_UNUSED_VARIABLE = YES;
				IPHONEOS_DEPLOYMENT_TARGET = 13.0;
				MTL_ENABLE_DEBUG_INFO = INCLUDE_SOURCE;
				MTL_FAST_MATH = YES;
				ONLY_ACTIVE_ARCH = YES;
				SDKROOT = iphoneos;
				SWIFT_ACTIVE_COMPILATION_CONDITIONS = DEBUG;
				SWIFT_OPTIMIZATION_LEVEL = "-Onone";
			};
			name = Debug;
		};
		2D9E3798282BBF6400CC54C5 /* Release */ = {
			isa = XCBuildConfiguration;
			buildSettings = {
				ALWAYS_SEARCH_USER_PATHS = NO;
				CLANG_ANALYZER_LOCALIZABILITY_NONLOCALIZED = YES;
				CLANG_ANALYZER_NONNULL = YES;
				CLANG_ANALYZER_NUMBER_OBJECT_CONVERSION = YES_AGGRESSIVE;
				CLANG_CXX_LANGUAGE_STANDARD = "gnu++17";
				CLANG_CXX_LIBRARY = "libc++";
				CLANG_ENABLE_MODULES = YES;
				CLANG_ENABLE_OBJC_ARC = YES;
				CLANG_ENABLE_OBJC_WEAK = YES;
				CLANG_WARN_BLOCK_CAPTURE_AUTORELEASING = YES;
				CLANG_WARN_BOOL_CONVERSION = YES;
				CLANG_WARN_COMMA = YES;
				CLANG_WARN_CONSTANT_CONVERSION = YES;
				CLANG_WARN_DEPRECATED_OBJC_IMPLEMENTATIONS = YES;
				CLANG_WARN_DIRECT_OBJC_ISA_USAGE = YES_ERROR;
				CLANG_WARN_DOCUMENTATION_COMMENTS = YES;
				CLANG_WARN_EMPTY_BODY = YES;
				CLANG_WARN_ENUM_CONVERSION = YES;
				CLANG_WARN_INFINITE_RECURSION = YES;
				CLANG_WARN_INT_CONVERSION = YES;
				CLANG_WARN_NON_LITERAL_NULL_CONVERSION = YES;
				CLANG_WARN_OBJC_IMPLICIT_RETAIN_SELF = YES;
				CLANG_WARN_OBJC_LITERAL_CONVERSION = YES;
				CLANG_WARN_OBJC_ROOT_CLASS = YES_ERROR;
				CLANG_WARN_QUOTED_INCLUDE_IN_FRAMEWORK_HEADER = YES;
				CLANG_WARN_RANGE_LOOP_ANALYSIS = YES;
				CLANG_WARN_STRICT_PROTOTYPES = YES;
				CLANG_WARN_SUSPICIOUS_MOVE = YES;
				CLANG_WARN_UNGUARDED_AVAILABILITY = YES_AGGRESSIVE;
				CLANG_WARN_UNREACHABLE_CODE = YES;
				CLANG_WARN__DUPLICATE_METHOD_MATCH = YES;
				COPY_PHASE_STRIP = NO;
				DEBUG_INFORMATION_FORMAT = "dwarf-with-dsym";
				ENABLE_NS_ASSERTIONS = NO;
				ENABLE_STRICT_OBJC_MSGSEND = YES;
				GCC_C_LANGUAGE_STANDARD = gnu11;
				GCC_NO_COMMON_BLOCKS = YES;
				GCC_WARN_64_TO_32_BIT_CONVERSION = YES;
				GCC_WARN_ABOUT_RETURN_TYPE = YES_ERROR;
				GCC_WARN_UNDECLARED_SELECTOR = YES;
				GCC_WARN_UNINITIALIZED_AUTOS = YES_AGGRESSIVE;
				GCC_WARN_UNUSED_FUNCTION = YES;
				GCC_WARN_UNUSED_VARIABLE = YES;
				IPHONEOS_DEPLOYMENT_TARGET = 13.0;
				MTL_ENABLE_DEBUG_INFO = NO;
				MTL_FAST_MATH = YES;
				SDKROOT = iphoneos;
				SWIFT_COMPILATION_MODE = wholemodule;
				SWIFT_OPTIMIZATION_LEVEL = "-O";
				VALIDATE_PRODUCT = YES;
			};
			name = Release;
		};
		2D9E379A282BBF6400CC54C5 /* Debug */ = {
			isa = XCBuildConfiguration;
			buildSettings = {
				ASSETCATALOG_COMPILER_APPICON_NAME = AppIcon;
				ASSETCATALOG_COMPILER_GLOBAL_ACCENT_COLOR_NAME = AccentColor;
				CODE_SIGN_STYLE = Automatic;
				CURRENT_PROJECT_VERSION = 1;
				DEVELOPMENT_TEAM = 89WB9E7UEU;
				GENERATE_INFOPLIST_FILE = YES;
				INFOPLIST_FILE = WhatDoYouMeme/SupportingFiles/Info.plist;
				INFOPLIST_KEY_UIApplicationSupportsIndirectInputEvents = YES;
				INFOPLIST_KEY_UILaunchStoryboardName = LaunchScreen;
				INFOPLIST_KEY_UISupportedInterfaceOrientations = UIInterfaceOrientationPortrait;
				INFOPLIST_KEY_UISupportedInterfaceOrientations_iPad = "UIInterfaceOrientationPortrait UIInterfaceOrientationPortraitUpsideDown UIInterfaceOrientationLandscapeLeft UIInterfaceOrientationLandscapeRight";
				INFOPLIST_KEY_UISupportedInterfaceOrientations_iPhone = "UIInterfaceOrientationPortrait UIInterfaceOrientationLandscapeLeft UIInterfaceOrientationLandscapeRight";
				IPHONEOS_DEPLOYMENT_TARGET = 13.0;
				LD_RUNPATH_SEARCH_PATHS = (
					"$(inherited)",
					"@executable_path/Frameworks",
				);
				MARKETING_VERSION = 1.0;
				PRODUCT_BUNDLE_IDENTIFIER = com.bitsoev.WhatDoYouMeme;
				PRODUCT_NAME = "$(TARGET_NAME)";
				SWIFT_EMIT_LOC_STRINGS = YES;
				SWIFT_VERSION = 5.0;
				TARGETED_DEVICE_FAMILY = 1;
			};
			name = Debug;
		};
		2D9E379B282BBF6400CC54C5 /* Release */ = {
			isa = XCBuildConfiguration;
			buildSettings = {
				ASSETCATALOG_COMPILER_APPICON_NAME = AppIcon;
				ASSETCATALOG_COMPILER_GLOBAL_ACCENT_COLOR_NAME = AccentColor;
				CODE_SIGN_STYLE = Automatic;
				CURRENT_PROJECT_VERSION = 1;
				DEVELOPMENT_TEAM = 89WB9E7UEU;
				GENERATE_INFOPLIST_FILE = YES;
				INFOPLIST_FILE = WhatDoYouMeme/SupportingFiles/Info.plist;
				INFOPLIST_KEY_UIApplicationSupportsIndirectInputEvents = YES;
				INFOPLIST_KEY_UILaunchStoryboardName = LaunchScreen;
				INFOPLIST_KEY_UISupportedInterfaceOrientations = UIInterfaceOrientationPortrait;
				INFOPLIST_KEY_UISupportedInterfaceOrientations_iPad = "UIInterfaceOrientationPortrait UIInterfaceOrientationPortraitUpsideDown UIInterfaceOrientationLandscapeLeft UIInterfaceOrientationLandscapeRight";
				INFOPLIST_KEY_UISupportedInterfaceOrientations_iPhone = "UIInterfaceOrientationPortrait UIInterfaceOrientationLandscapeLeft UIInterfaceOrientationLandscapeRight";
				IPHONEOS_DEPLOYMENT_TARGET = 13.0;
				LD_RUNPATH_SEARCH_PATHS = (
					"$(inherited)",
					"@executable_path/Frameworks",
				);
				MARKETING_VERSION = 1.0;
				PRODUCT_BUNDLE_IDENTIFIER = com.bitsoev.WhatDoYouMeme;
				PRODUCT_NAME = "$(TARGET_NAME)";
				SWIFT_EMIT_LOC_STRINGS = YES;
				SWIFT_VERSION = 5.0;
				TARGETED_DEVICE_FAMILY = 1;
			};
			name = Release;
		};
/* End XCBuildConfiguration section */

/* Begin XCConfigurationList section */
		2D9E3780282BBF6300CC54C5 /* Build configuration list for PBXProject "WhatDoYouMeme" */ = {
			isa = XCConfigurationList;
			buildConfigurations = (
				2D9E3797282BBF6400CC54C5 /* Debug */,
				2D9E3798282BBF6400CC54C5 /* Release */,
			);
			defaultConfigurationIsVisible = 0;
			defaultConfigurationName = Release;
		};
		2D9E3799282BBF6400CC54C5 /* Build configuration list for PBXNativeTarget "WhatDoYouMeme" */ = {
			isa = XCConfigurationList;
			buildConfigurations = (
				2D9E379A282BBF6400CC54C5 /* Debug */,
				2D9E379B282BBF6400CC54C5 /* Release */,
			);
			defaultConfigurationIsVisible = 0;
			defaultConfigurationName = Release;
		};
/* End XCConfigurationList section */

/* Begin XCRemoteSwiftPackageReference section */
		2DA91A10282C30C80081686A /* XCRemoteSwiftPackageReference "firebase-ios-sdk" */ = {
			isa = XCRemoteSwiftPackageReference;
			repositoryURL = "https://github.com/firebase/firebase-ios-sdk";
			requirement = {
				kind = upToNextMajorVersion;
				minimumVersion = 9.0.0;
			};
		};
/* End XCRemoteSwiftPackageReference section */

/* Begin XCSwiftPackageProductDependency section */
		2DA91A11282C30C80081686A /* FirebaseAnalytics */ = {
			isa = XCSwiftPackageProductDependency;
			package = 2DA91A10282C30C80081686A /* XCRemoteSwiftPackageReference "firebase-ios-sdk" */;
			productName = FirebaseAnalytics;
		};
		2DA91A13282C30C80081686A /* FirebaseAuth */ = {
			isa = XCSwiftPackageProductDependency;
			package = 2DA91A10282C30C80081686A /* XCRemoteSwiftPackageReference "firebase-ios-sdk" */;
			productName = FirebaseAuth;
		};
		2DA91A15282C30C80081686A /* FirebaseFirestore */ = {
			isa = XCSwiftPackageProductDependency;
			package = 2DA91A10282C30C80081686A /* XCRemoteSwiftPackageReference "firebase-ios-sdk" */;
			productName = FirebaseFirestore;
		};
		2DA91A17282C30C80081686A /* FirebaseFunctions */ = {
			isa = XCSwiftPackageProductDependency;
			package = 2DA91A10282C30C80081686A /* XCRemoteSwiftPackageReference "firebase-ios-sdk" */;
			productName = FirebaseFunctions;
		};
		2DA91A19282C30C80081686A /* FirebaseMessaging */ = {
			isa = XCSwiftPackageProductDependency;
			package = 2DA91A10282C30C80081686A /* XCRemoteSwiftPackageReference "firebase-ios-sdk" */;
			productName = FirebaseMessaging;
		};
/* End XCSwiftPackageProductDependency section */
	};
	rootObject = 2D9E377D282BBF6300CC54C5 /* Project object */;
}
